
Microsoft Visual Studio Solution File, Format Version 12.00
# Visual Studio Version 17
VisualStudioVersion = 17.2.32526.322
MinimumVisualStudioVersion = 10.0.40219.1
Project("{FAE04EC0-301F-11D3-BF4B-00C04F79EFBC}") = "KyhAdventureGame", "KyhAdventureGame\KyhAdventureGame.csproj", "{C981CAF2-38D3-4514-A99D-ECA05D172FBB}"
EndProject
Global
	GlobalSection(SolutionConfigurationPlatforms) = preSolution
		Debug|Any CPU = Debug|Any CPU
		Release|Any CPU = Release|Any CPU
	EndGlobalSection
	GlobalSection(ProjectConfigurationPlatforms) = postSolution
		{C981CAF2-38D3-4514-A99D-ECA05D172FBB}.Debug|Any CPU.ActiveCfg = Debug|Any CPU
		{C981CAF2-38D3-4514-A99D-ECA05D172FBB}.Debug|Any CPU.Build.0 = Debug|Any CPU
		{C981CAF2-38D3-4514-A99D-ECA05D172FBB}.Release|Any CPU.ActiveCfg = Release|Any CPU
		{C981CAF2-38D3-4514-A99D-ECA05D172FBB}.Release|Any CPU.Build.0 = Release|Any CPU
	EndGlobalSection
	GlobalSection(SolutionProperties) = preSolution
		HideSolutionNode = FALSE
	EndGlobalSection
	GlobalSection(ExtensibilityGlobals) = postSolution
		SolutionGuid = {E13E531C-0182-4115-9745-9894AC558F70}
	EndGlobalSection
EndGlobal
